
Microsoft Visual Studio Solution File, Format Version 12.00
# Visual Studio Version 16
VisualStudioVersion = 16.0.29806.167
MinimumVisualStudioVersion = 10.0.40219.1
Project("{FAE04EC0-301F-11D3-BF4B-00C04F79EFBC}") = "Homework CSharp 04- homeworks(tasks1)", "Homework CSharp 04- homeworks(tasks1)\Homework CSharp 04- homeworks(tasks1).csproj", "{A449F7AE-C22B-4079-A8ED-8071BC0E275B}"
EndProject
Global
	GlobalSection(SolutionConfigurationPlatforms) = preSolution
		Debug|Any CPU = Debug|Any CPU
		Release|Any CPU = Release|Any CPU
	EndGlobalSection
	GlobalSection(ProjectConfigurationPlatforms) = postSolution
		{A449F7AE-C22B-4079-A8ED-8071BC0E275B}.Debug|Any CPU.ActiveCfg = Debug|Any CPU
		{A449F7AE-C22B-4079-A8ED-8071BC0E275B}.Debug|Any CPU.Build.0 = Debug|Any CPU
		{A449F7AE-C22B-4079-A8ED-8071BC0E275B}.Release|Any CPU.ActiveCfg = Release|Any CPU
		{A449F7AE-C22B-4079-A8ED-8071BC0E275B}.Release|Any CPU.Build.0 = Release|Any CPU
	EndGlobalSection
	GlobalSection(SolutionProperties) = preSolution
		HideSolutionNode = FALSE
	EndGlobalSection
	GlobalSection(ExtensibilityGlobals) = postSolution
		SolutionGuid = {AECFE8C5-FB15-4024-B404-757C8B2E4DAD}
	EndGlobalSection
EndGlobal
