
Microsoft Visual Studio Solution File, Format Version 12.00
# Visual Studio Version 16
VisualStudioVersion = 16.0.29806.167
MinimumVisualStudioVersion = 10.0.40219.1
Project("{FAE04EC0-301F-11D3-BF4B-00C04F79EFBC}") = "trafficLight", "trafficLight\trafficLight.csproj", "{99B7F24A-CE13-4BD9-8CC3-8AB3778EAE2C}"
EndProject
Global
	GlobalSection(SolutionConfigurationPlatforms) = preSolution
		Debug|Any CPU = Debug|Any CPU
		Release|Any CPU = Release|Any CPU
	EndGlobalSection
	GlobalSection(ProjectConfigurationPlatforms) = postSolution
		{99B7F24A-CE13-4BD9-8CC3-8AB3778EAE2C}.Debug|Any CPU.ActiveCfg = Debug|Any CPU
		{99B7F24A-CE13-4BD9-8CC3-8AB3778EAE2C}.Debug|Any CPU.Build.0 = Debug|Any CPU
		{99B7F24A-CE13-4BD9-8CC3-8AB3778EAE2C}.Release|Any CPU.ActiveCfg = Release|Any CPU
		{99B7F24A-CE13-4BD9-8CC3-8AB3778EAE2C}.Release|Any CPU.Build.0 = Release|Any CPU
	EndGlobalSection
	GlobalSection(SolutionProperties) = preSolution
		HideSolutionNode = FALSE
	EndGlobalSection
	GlobalSection(ExtensibilityGlobals) = postSolution
		SolutionGuid = {7E029D20-C73B-4089-A4C7-9DAB91D2AC26}
	EndGlobalSection
EndGlobal
